
Microsoft Visual Studio Solution File, Format Version 12.00
# Visual Studio 15
VisualStudioVersion = 15.0.27004.2002
MinimumVisualStudioVersion = 10.0.40219.1
Project("{FAE04EC0-301F-11D3-BF4B-00C04F79EFBC}") = "WebSendingASP", "WebSendingASP\WebSendingASP.csproj", "{01EB65C4-E794-4854-8264-E2C379F6D639}"
EndProject
Global
	GlobalSection(SolutionConfigurationPlatforms) = preSolution
		Debug|Any CPU = Debug|Any CPU
		Release|Any CPU = Release|Any CPU
	EndGlobalSection
	GlobalSection(ProjectConfigurationPlatforms) = postSolution
		{01EB65C4-E794-4854-8264-E2C379F6D639}.Debug|Any CPU.ActiveCfg = Debug|Any CPU
		{01EB65C4-E794-4854-8264-E2C379F6D639}.Debug|Any CPU.Build.0 = Debug|Any CPU
		{01EB65C4-E794-4854-8264-E2C379F6D639}.Release|Any CPU.ActiveCfg = Release|Any CPU
		{01EB65C4-E794-4854-8264-E2C379F6D639}.Release|Any CPU.Build.0 = Release|Any CPU
	EndGlobalSection
	GlobalSection(SolutionProperties) = preSolution
		HideSolutionNode = FALSE
	EndGlobalSection
	GlobalSection(ExtensibilityGlobals) = postSolution
		SolutionGuid = {409727BD-E409-4E90-B6B7-A177A265731C}
	EndGlobalSection
EndGlobal
